{
  "name": "Bartman",
  "lockfileVersion": 2,
  "requires": true,
  "packages": {
    "": {
      "devDependencies": {
        "@types/node": "^18.7.13"
      }
    },
    "node_modules/@types/node": {
      "version": "18.7.13",
      "resolved": "https://registry.npmjs.org/@types/node/-/node-18.7.13.tgz",
      "integrity": "sha512-46yIhxSe5xEaJZXWdIBP7GU4HDTG8/eo0qd9atdiL+lFpA03y8KS+lkTN834TWJj5767GbWv4n/P6efyTFt1Dw==",
      "dev": true
    }
  },
  "dependencies": {
    "@types/node": {
      "version": "18.7.13",
      "resolved": "https://registry.npmjs.org/@types/node/-/node-18.7.13.tgz",
      "integrity": "sha512-46yIhxSe5xEaJZXWdIBP7GU4HDTG8/eo0qd9atdiL+lFpA03y8KS+lkTN834TWJj5767GbWv4n/P6efyTFt1Dw==",
      "dev": true
    }
  }
}
